
Microsoft Visual Studio Solution File, Format Version 12.00
# Visual Studio Version 16
VisualStudioVersion = 16.0.29709.97
MinimumVisualStudioVersion = 10.0.40219.1
Project("{FAE04EC0-301F-11D3-BF4B-00C04F79EFBC}") = "QLKSProject", "QLKSProject\QLKSProject.csproj", "{38C488A7-3D68-44D6-A0E6-9F4BA7D4869C}"
EndProject
Project("{FAE04EC0-301F-11D3-BF4B-00C04F79EFBC}") = "QLKSProjectTest", "QLKSProjectTest\QLKSProjectTest.csproj", "{C2F960D3-A721-4C62-847E-D295875250C0}"
EndProject
Global
	GlobalSection(SolutionConfigurationPlatforms) = preSolution
		Debug|Any CPU = Debug|Any CPU
		Release|Any CPU = Release|Any CPU
	EndGlobalSection
	GlobalSection(ProjectConfigurationPlatforms) = postSolution
		{38C488A7-3D68-44D6-A0E6-9F4BA7D4869C}.Debug|Any CPU.ActiveCfg = Debug|Any CPU
		{38C488A7-3D68-44D6-A0E6-9F4BA7D4869C}.Debug|Any CPU.Build.0 = Debug|Any CPU
		{38C488A7-3D68-44D6-A0E6-9F4BA7D4869C}.Release|Any CPU.ActiveCfg = Release|Any CPU
		{38C488A7-3D68-44D6-A0E6-9F4BA7D4869C}.Release|Any CPU.Build.0 = Release|Any CPU
		{C2F960D3-A721-4C62-847E-D295875250C0}.Debug|Any CPU.ActiveCfg = Debug|Any CPU
		{C2F960D3-A721-4C62-847E-D295875250C0}.Debug|Any CPU.Build.0 = Debug|Any CPU
		{C2F960D3-A721-4C62-847E-D295875250C0}.Release|Any CPU.ActiveCfg = Release|Any CPU
		{C2F960D3-A721-4C62-847E-D295875250C0}.Release|Any CPU.Build.0 = Release|Any CPU
	EndGlobalSection
	GlobalSection(SolutionProperties) = preSolution
		HideSolutionNode = FALSE
	EndGlobalSection
	GlobalSection(ExtensibilityGlobals) = postSolution
		SolutionGuid = {BD2D85F4-DEB4-4D01-9D51-053A950ECD1C}
	EndGlobalSection
EndGlobal
